// !$*UTF8*$!
{
	archiveVersion = 1;
	classes = {
	};
	objectVersion = 46;
	objects = {

/* Begin PBXBuildFile section */
		CCF8797E1BF5E73600F8AD2B /* main.m in Sources */ = {isa = PBXBuildFile; fileRef = CCF8797D1BF5E73600F8AD2B /* main.m */; };
		CCF879811BF5E73600F8AD2B /* AppDelegate.m in Sources */ = {isa = PBXBuildFile; fileRef = CCF879801BF5E73600F8AD2B /* AppDelegate.m */; };
		CCF879841BF5E73600F8AD2B /* ViewController.m in Sources */ = {isa = PBXBuildFile; fileRef = CCF879831BF5E73600F8AD2B /* ViewController.m */; };
		CCF879871BF5E73600F8AD2B /* Main.storyboard in Resources */ = {isa = PBXBuildFile; fileRef = CCF879851BF5E73600F8AD2B /* Main.storyboard */; };
		CCF879891BF5E73600F8AD2B /* Images.xcassets in Resources */ = {isa = PBXBuildFile; fileRef = CCF879881BF5E73600F8AD2B /* Images.xcassets */; };
		CCF8798C1BF5E73600F8AD2B /* LaunchScreen.xib in Resources */ = {isa = PBXBuildFile; fileRef = CCF8798A1BF5E73600F8AD2B /* LaunchScreen.xib */; };
		CCF879981BF5E73600F8AD2B /* XMLDemoTests.m in Sources */ = {isa = PBXBuildFile; fileRef = CCF879971BF5E73600F8AD2B /* XMLDemoTests.m */; };
		CCF879A21BF5E75100F8AD2B /* bookstore.xml in Resources */ = {isa = PBXBuildFile; fileRef = CCF879A11BF5E75100F8AD2B /* bookstore.xml */; };
		CCF879A51BF5EBCA00F8AD2B /* Model.m in Sources */ = {isa = PBXBuildFile; fileRef = CCF879A41BF5EBCA00F8AD2B /* Model.m */; };
		CCF879AA1BF608C800F8AD2B /* GDataXMLNode.m in Sources */ = {isa = PBXBuildFile; fileRef = CCF879A91BF608C800F8AD2B /* GDataXMLNode.m */; settings = {COMPILER_FLAGS = "-fno-objc-arc"; }; };
		CCF879AC1BF60CD500F8AD2B /* libxml2.dylib in Frameworks */ = {isa = PBXBuildFile; fileRef = CCF879AB1BF60CD500F8AD2B /* libxml2.dylib */; };
/* End PBXBuildFile section */

/* Begin PBXContainerItemProxy section */
		CCF879921BF5E73600F8AD2B /* PBXContainerItemProxy */ = {
			isa = PBXContainerItemProxy;
			containerPortal = CCF879701BF5E73600F8AD2B /* Project object */;
			proxyType = 1;
			remoteGlobalIDString = CCF879771BF5E73600F8AD2B;
			remoteInfo = XMLDemo;
		};
/* End PBXContainerItemProxy section */

/* Begin PBXFileReference section */
		CCF879781BF5E73600F8AD2B /* XMLDemo.app */ = {isa = PBXFileReference; explicitFileType = wrapper.application; includeInIndex = 0; path = XMLDemo.app; sourceTree = BUILT_PRODUCTS_DIR; };
		CCF8797C1BF5E73600F8AD2B /* Info.plist */ = {isa = PBXFileReference; lastKnownFileType = text.plist.xml; path = Info.plist; sourceTree = "<group>"; };
		CCF8797D1BF5E73600F8AD2B /* main.m */ = {isa = PBXFileReference; lastKnownFileType = sourcecode.c.objc; path = main.m; sourceTree = "<group>"; };
		CCF8797F1BF5E73600F8AD2B /* AppDelegate.h */ = {isa = PBXFileReference; lastKnownFileType = sourcecode.c.h; path = AppDelegate.h; sourceTree = "<group>"; };
		CCF879801BF5E73600F8AD2B /* AppDelegate.m */ = {isa = PBXFileReference; lastKnownFileType = sourcecode.c.objc; path = AppDelegate.m; sourceTree = "<group>"; };
		CCF879821BF5E73600F8AD2B /* ViewController.h */ = {isa = PBXFileReference; lastKnownFileType = sourcecode.c.h; path = ViewController.h; sourceTree = "<group>"; };
		CCF879831BF5E73600F8AD2B /* ViewController.m */ = {isa = PBXFileReference; lastKnownFileType = sourcecode.c.objc; path = ViewController.m; sourceTree = "<group>"; };
		CCF879861BF5E73600F8AD2B /* Base */ = {isa = PBXFileReference; lastKnownFileType = file.storyboard; name = Base; path = Base.lproj/Main.storyboard; sourceTree = "<group>"; };
		CCF879881BF5E73600F8AD2B /* Images.xcassets */ = {isa = PBXFileReference; lastKnownFileType = folder.assetcatalog; path = Images.xcassets; sourceTree = "<group>"; };
		CCF8798B1BF5E73600F8AD2B /* Base */ = {isa = PBXFileReference; lastKnownFileType = file.xib; name = Base; path = Base.lproj/LaunchScreen.xib; sourceTree = "<group>"; };
		CCF879911BF5E73600F8AD2B /* XMLDemoTests.xctest */ = {isa = PBXFileReference; explicitFileType = wrapper.cfbundle; includeInIndex = 0; path = XMLDemoTests.xctest; sourceTree = BUILT_PRODUCTS_DIR; };
		CCF879961BF5E73600F8AD2B /* Info.plist */ = {isa = PBXFileReference; lastKnownFileType = text.plist.xml; path = Info.plist; sourceTree = "<group>"; };
		CCF879971BF5E73600F8AD2B /* XMLDemoTests.m */ = {isa = PBXFileReference; lastKnownFileType = sourcecode.c.objc; path = XMLDemoTests.m; sourceTree = "<group>"; };
		CCF879A11BF5E75100F8AD2B /* bookstore.xml */ = {isa = PBXFileReference; fileEncoding = 4; lastKnownFileType = text.xml; path = bookstore.xml; sourceTree = "<group>"; };
		CCF879A31BF5EBCA00F8AD2B /* Model.h */ = {isa = PBXFileReference; fileEncoding = 4; lastKnownFileType = sourcecode.c.h; path = Model.h; sourceTree = "<group>"; };
		CCF879A41BF5EBCA00F8AD2B /* Model.m */ = {isa = PBXFileReference; fileEncoding = 4; lastKnownFileType = sourcecode.c.objc; path = Model.m; sourceTree = "<group>"; };
		CCF879A81BF608C800F8AD2B /* GDataXMLNode.h */ = {isa = PBXFileReference; fileEncoding = 4; lastKnownFileType = sourcecode.c.h; path = GDataXMLNode.h; sourceTree = "<group>"; };
		CCF879A91BF608C800F8AD2B /* GDataXMLNode.m */ = {isa = PBXFileReference; fileEncoding = 4; lastKnownFileType = sourcecode.c.objc; path = GDataXMLNode.m; sourceTree = "<group>"; };
		CCF879AB1BF60CD500F8AD2B /* libxml2.dylib */ = {isa = PBXFileReference; lastKnownFileType = "compiled.mach-o.dylib"; name = libxml2.dylib; path = usr/lib/libxml2.dylib; sourceTree = SDKROOT; };
/* End PBXFileReference section */

/* Begin PBXFrameworksBuildPhase section */
		CCF879751BF5E73600F8AD2B /* Frameworks */ = {
			isa = PBXFrameworksBuildPhase;
			buildActionMask = 2147483647;
			files = (
				CCF879AC1BF60CD500F8AD2B /* libxml2.dylib in Frameworks */,
			);
			runOnlyForDeploymentPostprocessing = 0;
		};
		CCF8798E1BF5E73600F8AD2B /* Frameworks */ = {
			isa = PBXFrameworksBuildPhase;
			buildActionMask = 2147483647;
			files = (
			);
			runOnlyForDeploymentPostprocessing = 0;
		};
/* End PBXFrameworksBuildPhase section */

/* Begin PBXGroup section */
		CCF8796F1BF5E73600F8AD2B = {
			isa = PBXGroup;
			children = (
				CCF8797A1BF5E73600F8AD2B /* XMLDemo */,
				CCF879941BF5E73600F8AD2B /* XMLDemoTests */,
				CCF879791BF5E73600F8AD2B /* Products */,
			);
			sourceTree = "<group>";
		};
		CCF879791BF5E73600F8AD2B /* Products */ = {
			isa = PBXGroup;
			children = (
				CCF879781BF5E73600F8AD2B /* XMLDemo.app */,
				CCF879911BF5E73600F8AD2B /* XMLDemoTests.xctest */,
			);
			name = Products;
			sourceTree = "<group>";
		};
		CCF8797A1BF5E73600F8AD2B /* XMLDemo */ = {
			isa = PBXGroup;
			children = (
				CCF8797F1BF5E73600F8AD2B /* AppDelegate.h */,
				CCF879801BF5E73600F8AD2B /* AppDelegate.m */,
				CCF879821BF5E73600F8AD2B /* ViewController.h */,
				CCF879831BF5E73600F8AD2B /* ViewController.m */,
				CCF879A31BF5EBCA00F8AD2B /* Model.h */,
				CCF879A41BF5EBCA00F8AD2B /* Model.m */,
				CCF879851BF5E73600F8AD2B /* Main.storyboard */,
				CCF879881BF5E73600F8AD2B /* Images.xcassets */,
				CCF8798A1BF5E73600F8AD2B /* LaunchScreen.xib */,
				CCF879A61BF607EA00F8AD2B /* Source */,
				CCF8797B1BF5E73600F8AD2B /* Supporting Files */,
			);
			path = XMLDemo;
			sourceTree = "<group>";
		};
		CCF8797B1BF5E73600F8AD2B /* Supporting Files */ = {
			isa = PBXGroup;
			children = (
				CCF879A11BF5E75100F8AD2B /* bookstore.xml */,
				CCF8797C1BF5E73600F8AD2B /* Info.plist */,
				CCF8797D1BF5E73600F8AD2B /* main.m */,
			);
			name = "Supporting Files";
			sourceTree = "<group>";
		};
		CCF879941BF5E73600F8AD2B /* XMLDemoTests */ = {
			isa = PBXGroup;
			children = (
				CCF879971BF5E73600F8AD2B /* XMLDemoTests.m */,
				CCF879951BF5E73600F8AD2B /* Supporting Files */,
			);
			path = XMLDemoTests;
			sourceTree = "<group>";
		};
		CCF879951BF5E73600F8AD2B /* Supporting Files */ = {
			isa = PBXGroup;
			children = (
				CCF879961BF5E73600F8AD2B /* Info.plist */,
			);
			name = "Supporting Files";
			sourceTree = "<group>";
		};
		CCF879A61BF607EA00F8AD2B /* Source */ = {
			isa = PBXGroup;
			children = (
				CCF879A71BF608C800F8AD2B /* XMLSupport */,
			);
			name = Source;
			sourceTree = "<group>";
		};
		CCF879A71BF608C800F8AD2B /* XMLSupport */ = {
			isa = PBXGroup;
			children = (
				CCF879A81BF608C800F8AD2B /* GDataXMLNode.h */,
				CCF879A91BF608C800F8AD2B /* GDataXMLNode.m */,
				CCF879AB1BF60CD500F8AD2B /* libxml2.dylib */,
			);
			path = XMLSupport;
			sourceTree = "<group>";
		};
/* End PBXGroup section */

/* Begin PBXNativeTarget section */
		CCF879771BF5E73600F8AD2B /* XMLDemo */ = {
			isa = PBXNativeTarget;
			buildConfigurationList = CCF8799B1BF5E73600F8AD2B /* Build configuration list for PBXNativeTarget "XMLDemo" */;
			buildPhases = (
				CCF879741BF5E73600F8AD2B /* Sources */,
				CCF879751BF5E73600F8AD2B /* Frameworks */,
				CCF879761BF5E73600F8AD2B /* Resources */,
			);
			buildRules = (
			);
			dependencies = (
			);
			name = XMLDemo;
			productName = XMLDemo;
			productReference = CCF879781BF5E73600F8AD2B /* XMLDemo.app */;
			productType = "com.apple.product-type.application";
		};
		CCF879901BF5E73600F8AD2B /* XMLDemoTests */ = {
			isa = PBXNativeTarget;
			buildConfigurationList = CCF8799E1BF5E73600F8AD2B /* Build configuration list for PBXNativeTarget "XMLDemoTests" */;
			buildPhases = (
				CCF8798D1BF5E73600F8AD2B /* Sources */,
				CCF8798E1BF5E73600F8AD2B /* Frameworks */,
				CCF8798F1BF5E73600F8AD2B /* Resources */,
			);
			buildRules = (
			);
			dependencies = (
				CCF879931BF5E73600F8AD2B /* PBXTargetDependency */,
			);
			name = XMLDemoTests;
			productName = XMLDemoTests;
			productReference = CCF879911BF5E73600F8AD2B /* XMLDemoTests.xctest */;
			productType = "com.apple.product-type.bundle.unit-test";
		};
/* End PBXNativeTarget section */

/* Begin PBXProject section */
		CCF879701BF5E73600F8AD2B /* Project object */ = {
			isa = PBXProject;
			attributes = {
				LastUpgradeCheck = 0630;
				ORGANIZATIONNAME = "Sky-jay";
				TargetAttributes = {
					CCF879771BF5E73600F8AD2B = {
						CreatedOnToolsVersion = 6.3;
					};
					CCF879901BF5E73600F8AD2B = {
						CreatedOnToolsVersion = 6.3;
						TestTargetID = CCF879771BF5E73600F8AD2B;
					};
				};
			};
			buildConfigurationList = CCF879731BF5E73600F8AD2B /* Build configuration list for PBXProject "XMLDemo" */;
			compatibilityVersion = "Xcode 3.2";
			developmentRegion = English;
			hasScannedForEncodings = 0;
			knownRegions = (
				en,
				Base,
			);
			mainGroup = CCF8796F1BF5E73600F8AD2B;
			productRefGroup = CCF879791BF5E73600F8AD2B /* Products */;
			projectDirPath = "";
			projectRoot = "";
			targets = (
				CCF879771BF5E73600F8AD2B /* XMLDemo */,
				CCF879901BF5E73600F8AD2B /* XMLDemoTests */,
			);
		};
/* End PBXProject section */

/* Begin PBXResourcesBuildPhase section */
		CCF879761BF5E73600F8AD2B /* Resources */ = {
			isa = PBXResourcesBuildPhase;
			buildActionMask = 2147483647;
			files = (
				CCF879A21BF5E75100F8AD2B /* bookstore.xml in Resources */,
				CCF879871BF5E73600F8AD2B /* Main.storyboard in Resources */,
				CCF8798C1BF5E73600F8AD2B /* LaunchScreen.xib in Resources */,
				CCF879891BF5E73600F8AD2B /* Images.xcassets in Resources */,
			);
			runOnlyForDeploymentPostprocessing = 0;
		};
		CCF8798F1BF5E73600F8AD2B /* Resources */ = {
			isa = PBXResourcesBuildPhase;
			buildActionMask = 2147483647;
			files = (
			);
			runOnlyForDeploymentPostprocessing = 0;
		};
/* End PBXResourcesBuildPhase section */

/* Begin PBXSourcesBuildPhase section */
		CCF879741BF5E73600F8AD2B /* Sources */ = {
			isa = PBXSourcesBuildPhase;
			buildActionMask = 2147483647;
			files = (
				CCF879841BF5E73600F8AD2B /* ViewController.m in Sources */,
				CCF879811BF5E73600F8AD2B /* AppDelegate.m in Sources */,
				CCF879AA1BF608C800F8AD2B /* GDataXMLNode.m in Sources */,
				CCF8797E1BF5E73600F8AD2B /* main.m in Sources */,
				CCF879A51BF5EBCA00F8AD2B /* Model.m in Sources */,
			);
			runOnlyForDeploymentPostprocessing = 0;
		};
		CCF8798D1BF5E73600F8AD2B /* Sources */ = {
			isa = PBXSourcesBuildPhase;
			buildActionMask = 2147483647;
			files = (
				CCF879981BF5E73600F8AD2B /* XMLDemoTests.m in Sources */,
			);
			runOnlyForDeploymentPostprocessing = 0;
		};
/* End PBXSourcesBuildPhase section */

/* Begin PBXTargetDependency section */
		CCF879931BF5E73600F8AD2B /* PBXTargetDependency */ = {
			isa = PBXTargetDependency;
			target = CCF879771BF5E73600F8AD2B /* XMLDemo */;
			targetProxy = CCF879921BF5E73600F8AD2B /* PBXContainerItemProxy */;
		};
/* End PBXTargetDependency section */

/* Begin PBXVariantGroup section */
		CCF879851BF5E73600F8AD2B /* Main.storyboard */ = {
			isa = PBXVariantGroup;
			children = (
				CCF879861BF5E73600F8AD2B /* Base */,
			);
			name = Main.storyboard;
			sourceTree = "<group>";
		};
		CCF8798A1BF5E73600F8AD2B /* LaunchScreen.xib */ = {
			isa = PBXVariantGroup;
			children = (
				CCF8798B1BF5E73600F8AD2B /* Base */,
			);
			name = LaunchScreen.xib;
			sourceTree = "<group>";
		};
/* End PBXVariantGroup section */

/* Begin XCBuildConfiguration section */
		CCF879991BF5E73600F8AD2B /* Debug */ = {
			isa = XCBuildConfiguration;
			buildSettings = {
				ALWAYS_SEARCH_USER_PATHS = NO;
				CLANG_CXX_LANGUAGE_STANDARD = "gnu++0x";
				CLANG_CXX_LIBRARY = "libc++";
				CLANG_ENABLE_MODULES = YES;
				CLANG_ENABLE_OBJC_ARC = YES;
				CLANG_WARN_BOOL_CONVERSION = YES;
				CLANG_WARN_CONSTANT_CONVERSION = YES;
				CLANG_WARN_DIRECT_OBJC_ISA_USAGE = YES_ERROR;
				CLANG_WARN_EMPTY_BODY = YES;
				CLANG_WARN_ENUM_CONVERSION = YES;
				CLANG_WARN_INT_CONVERSION = YES;
				CLANG_WARN_OBJC_ROOT_CLASS = YES_ERROR;
				CLANG_WARN_UNREACHABLE_CODE = YES;
				CLANG_WARN__DUPLICATE_METHOD_MATCH = YES;
				"CODE_SIGN_IDENTITY[sdk=iphoneos*]" = "iPhone Developer";
				COPY_PHASE_STRIP = NO;
				DEBUG_INFORMATION_FORMAT = "dwarf-with-dsym";
				ENABLE_STRICT_OBJC_MSGSEND = YES;
				GCC_C_LANGUAGE_STANDARD = gnu99;
				GCC_DYNAMIC_NO_PIC = NO;
				GCC_NO_COMMON_BLOCKS = YES;
				GCC_OPTIMIZATION_LEVEL = 0;
				GCC_PREPROCESSOR_DEFINITIONS = (
					"DEBUG=1",
					"$(inherited)",
				);
				GCC_SYMBOLS_PRIVATE_EXTERN = NO;
				GCC_WARN_64_TO_32_BIT_CONVERSION = YES;
				GCC_WARN_ABOUT_RETURN_TYPE = YES_ERROR;
				GCC_WARN_UNDECLARED_SELECTOR = YES;
				GCC_WARN_UNINITIALIZED_AUTOS = YES_AGGRESSIVE;
				GCC_WARN_UNUSED_FUNCTION = YES;
				GCC_WARN_UNUSED_VARIABLE = YES;
				IPHONEOS_DEPLOYMENT_TARGET = 8.3;
				MTL_ENABLE_DEBUG_INFO = YES;
				ONLY_ACTIVE_ARCH = YES;
				SDKROOT = iphoneos;
				TARGETED_DEVICE_FAMILY = "1,2";
			};
			name = Debug;
		};
		CCF8799A1BF5E73600F8AD2B /* Release */ = {
			isa = XCBuildConfiguration;
			buildSettings = {
				ALWAYS_SEARCH_USER_PATHS = NO;
				CLANG_CXX_LANGUAGE_STANDARD = "gnu++0x";
				CLANG_CXX_LIBRARY = "libc++";
				CLANG_ENABLE_MODULES = YES;
				CLANG_ENABLE_OBJC_ARC = YES;
				CLANG_WARN_BOOL_CONVERSION = YES;
				CLANG_WARN_CONSTANT_CONVERSION = YES;
				CLANG_WARN_DIRECT_OBJC_ISA_USAGE = YES_ERROR;
				CLANG_WARN_EMPTY_BODY = YES;
				CLANG_WARN_ENUM_CONVERSION = YES;
				CLANG_WARN_INT_CONVERSION = YES;
				CLANG_WARN_OBJC_ROOT_CLASS = YES_ERROR;
				CLANG_WARN_UNREACHABLE_CODE = YES;
				CLANG_WARN__DUPLICATE_METHOD_MATCH = YES;
				"CODE_SIGN_IDENTITY[sdk=iphoneos*]" = "iPhone Developer";
				COPY_PHASE_STRIP = NO;
				DEBUG_INFORMATION_FORMAT = "dwarf-with-dsym";
				ENABLE_NS_ASSERTIONS = NO;
				ENABLE_STRICT_OBJC_MSGSEND = YES;
				GCC_C_LANGUAGE_STANDARD = gnu99;
				GCC_NO_COMMON_BLOCKS = YES;
				GCC_WARN_64_TO_32_BIT_CONVERSION = YES;
				GCC_WARN_ABOUT_RETURN_TYPE = YES_ERROR;
				GCC_WARN_UNDECLARED_SELECTOR = YES;
				GCC_WARN_UNINITIALIZED_AUTOS = YES_AGGRESSIVE;
				GCC_WARN_UNUSED_FUNCTION = YES;
				GCC_WARN_UNUSED_VARIABLE = YES;
				IPHONEOS_DEPLOYMENT_TARGET = 8.3;
				MTL_ENABLE_DEBUG_INFO = NO;
				SDKROOT = iphoneos;
				TARGETED_DEVICE_FAMILY = "1,2";
				VALIDATE_PRODUCT = YES;
			};
			name = Release;
		};
		CCF8799C1BF5E73600F8AD2B /* Debug */ = {
			isa = XCBuildConfiguration;
			buildSettings = {
				ASSETCATALOG_COMPILER_APPICON_NAME = AppIcon;
				HEADER_SEARCH_PATHS = (
					"$(inherited)",
					/Applications/Xcode.app/Contents/Developer/Toolchains/XcodeDefault.xctoolchain/usr/include,
					/usr/include/libxml2,
				);
				INFOPLIST_FILE = XMLDemo/Info.plist;
				LD_RUNPATH_SEARCH_PATHS = "$(inherited) @executable_path/Frameworks";
				PRODUCT_NAME = "$(TARGET_NAME)";
			};
			name = Debug;
		};
		CCF8799D1BF5E73600F8AD2B /* Release */ = {
			isa = XCBuildConfiguration;
			buildSettings = {
				ASSETCATALOG_COMPILER_APPICON_NAME = AppIcon;
				HEADER_SEARCH_PATHS = (
					"$(inherited)",
					/Applications/Xcode.app/Contents/Developer/Toolchains/XcodeDefault.xctoolchain/usr/include,
					/usr/include/libxml2,
				);
				INFOPLIST_FILE = XMLDemo/Info.plist;
				LD_RUNPATH_SEARCH_PATHS = "$(inherited) @executable_path/Frameworks";
				PRODUCT_NAME = "$(TARGET_NAME)";
			};
			name = Release;
		};
		CCF8799F1BF5E73600F8AD2B /* Debug */ = {
			isa = XCBuildConfiguration;
			buildSettings = {
				BUNDLE_LOADER = "$(TEST_HOST)";
				FRAMEWORK_SEARCH_PATHS = (
					"$(SDKROOT)/Developer/Library/Frameworks",
					"$(inherited)",
				);
				GCC_PREPROCESSOR_DEFINITIONS = (
					"DEBUG=1",
					"$(inherited)",
				);
				INFOPLIST_FILE = XMLDemoTests/Info.plist;
				LD_RUNPATH_SEARCH_PATHS = "$(inherited) @executable_path/Frameworks @loader_path/Frameworks";
				PRODUCT_NAME = "$(TARGET_NAME)";
				TEST_HOST = "$(BUILT_PRODUCTS_DIR)/XMLDemo.app/XMLDemo";
			};
			name = Debug;
		};
		CCF879A01BF5E73600F8AD2B /* Release */ = {
			isa = XCBuildConfiguration;
			buildSettings = {
				BUNDLE_LOADER = "$(TEST_HOST)";
				FRAMEWORK_SEARCH_PATHS = (
					"$(SDKROOT)/Developer/Library/Frameworks",
					"$(inherited)",
				);
				INFOPLIST_FILE = XMLDemoTests/Info.plist;
				LD_RUNPATH_SEARCH_PATHS = "$(inherited) @executable_path/Frameworks @loader_path/Frameworks";
				PRODUCT_NAME = "$(TARGET_NAME)";
				TEST_HOST = "$(BUILT_PRODUCTS_DIR)/XMLDemo.app/XMLDemo";
			};
			name = Release;
		};
/* End XCBuildConfiguration section */

/* Begin XCConfigurationList section */
		CCF879731BF5E73600F8AD2B /* Build configuration list for PBXProject "XMLDemo" */ = {
			isa = XCConfigurationList;
			buildConfigurations = (
				CCF879991BF5E73600F8AD2B /* Debug */,
				CCF8799A1BF5E73600F8AD2B /* Release */,
			);
			defaultConfigurationIsVisible = 0;
			defaultConfigurationName = Release;
		};
		CCF8799B1BF5E73600F8AD2B /* Build configuration list for PBXNativeTarget "XMLDemo" */ = {
			isa = XCConfigurationList;
			buildConfigurations = (
				CCF8799C1BF5E73600F8AD2B /* Debug */,
				CCF8799D1BF5E73600F8AD2B /* Release */,
			);
			defaultConfigurationIsVisible = 0;
		};
		CCF8799E1BF5E73600F8AD2B /* Build configuration list for PBXNativeTarget "XMLDemoTests" */ = {
			isa = XCConfigurationList;
			buildConfigurations = (
				CCF8799F1BF5E73600F8AD2B /* Debug */,
				CCF879A01BF5E73600F8AD2B /* Release */,
			);
			defaultConfigurationIsVisible = 0;
		};
/* End XCConfigurationList section */
	};
	rootObject = CCF879701BF5E73600F8AD2B /* Project object */;
}
